
Microsoft Visual Studio Solution File, Format Version 12.00
# Visual Studio Version 16
VisualStudioVersion = 16.0.31410.357
MinimumVisualStudioVersion = 10.0.40219.1
Project("{FAE04EC0-301F-11D3-BF4B-00C04F79EFBC}") = "ParticleFilterVisualization", "ParticleFilterVisualization\ParticleFilterVisualization.csproj", "{F7D280D5-3CF6-40D4-9515-36DDA8AB73EE}"
EndProject
Global
	GlobalSection(SolutionConfigurationPlatforms) = preSolution
		Debug|Any CPU = Debug|Any CPU
		Release|Any CPU = Release|Any CPU
	EndGlobalSection
	GlobalSection(ProjectConfigurationPlatforms) = postSolution
		{F7D280D5-3CF6-40D4-9515-36DDA8AB73EE}.Debug|Any CPU.ActiveCfg = Debug|Any CPU
		{F7D280D5-3CF6-40D4-9515-36DDA8AB73EE}.Debug|Any CPU.Build.0 = Debug|Any CPU
		{F7D280D5-3CF6-40D4-9515-36DDA8AB73EE}.Release|Any CPU.ActiveCfg = Release|Any CPU
		{F7D280D5-3CF6-40D4-9515-36DDA8AB73EE}.Release|Any CPU.Build.0 = Release|Any CPU
	EndGlobalSection
	GlobalSection(SolutionProperties) = preSolution
		HideSolutionNode = FALSE
	EndGlobalSection
	GlobalSection(ExtensibilityGlobals) = postSolution
		SolutionGuid = {596450DC-B09C-4662-BC97-19D9EA2A916C}
	EndGlobalSection
EndGlobal
